
Microsoft Visual Studio Solution File, Format Version 12.00
# Visual Studio Version 17
VisualStudioVersion = 17.3.32901.215
MinimumVisualStudioVersion = 10.0.40219.1
Project("{FAE04EC0-301F-11D3-BF4B-00C04F79EFBC}") = "VendaImoveis.API", "VendaImoveis.API\VendaImoveis.API.csproj", "{56C12E9F-12BF-4369-8D54-5F13F8D56981}"
EndProject
Project("{FAE04EC0-301F-11D3-BF4B-00C04F79EFBC}") = "VendaImoveis.Application", "VendaImoveis.Application\VendaImoveis.Application.csproj", "{ADE8FD5F-C7E3-43CC-BF3B-72BB8057EB11}"
EndProject
Project("{FAE04EC0-301F-11D3-BF4B-00C04F79EFBC}") = "VendaImoveis.Domain", "VendaImoveis.Domain\VendaImoveis.Domain.csproj", "{F3AEA600-FD1C-4003-8444-4C16A441245A}"
EndProject
Project("{FAE04EC0-301F-11D3-BF4B-00C04F79EFBC}") = "VendaImoveis.Infrastructure", "VendaImoveis.Infrastructure\VendaImoveis.Infrastructure.csproj", "{266982D6-9D5D-477A-A2F6-2F4D0BD11D5C}"
EndProject
Global
	GlobalSection(SolutionConfigurationPlatforms) = preSolution
		Debug|Any CPU = Debug|Any CPU
		Release|Any CPU = Release|Any CPU
	EndGlobalSection
	GlobalSection(ProjectConfigurationPlatforms) = postSolution
		{56C12E9F-12BF-4369-8D54-5F13F8D56981}.Debug|Any CPU.ActiveCfg = Debug|Any CPU
		{56C12E9F-12BF-4369-8D54-5F13F8D56981}.Debug|Any CPU.Build.0 = Debug|Any CPU
		{56C12E9F-12BF-4369-8D54-5F13F8D56981}.Release|Any CPU.ActiveCfg = Release|Any CPU
		{56C12E9F-12BF-4369-8D54-5F13F8D56981}.Release|Any CPU.Build.0 = Release|Any CPU
		{ADE8FD5F-C7E3-43CC-BF3B-72BB8057EB11}.Debug|Any CPU.ActiveCfg = Debug|Any CPU
		{ADE8FD5F-C7E3-43CC-BF3B-72BB8057EB11}.Debug|Any CPU.Build.0 = Debug|Any CPU
		{ADE8FD5F-C7E3-43CC-BF3B-72BB8057EB11}.Release|Any CPU.ActiveCfg = Release|Any CPU
		{ADE8FD5F-C7E3-43CC-BF3B-72BB8057EB11}.Release|Any CPU.Build.0 = Release|Any CPU
		{F3AEA600-FD1C-4003-8444-4C16A441245A}.Debug|Any CPU.ActiveCfg = Debug|Any CPU
		{F3AEA600-FD1C-4003-8444-4C16A441245A}.Debug|Any CPU.Build.0 = Debug|Any CPU
		{F3AEA600-FD1C-4003-8444-4C16A441245A}.Release|Any CPU.ActiveCfg = Release|Any CPU
		{F3AEA600-FD1C-4003-8444-4C16A441245A}.Release|Any CPU.Build.0 = Release|Any CPU
		{266982D6-9D5D-477A-A2F6-2F4D0BD11D5C}.Debug|Any CPU.ActiveCfg = Debug|Any CPU
		{266982D6-9D5D-477A-A2F6-2F4D0BD11D5C}.Debug|Any CPU.Build.0 = Debug|Any CPU
		{266982D6-9D5D-477A-A2F6-2F4D0BD11D5C}.Release|Any CPU.ActiveCfg = Release|Any CPU
		{266982D6-9D5D-477A-A2F6-2F4D0BD11D5C}.Release|Any CPU.Build.0 = Release|Any CPU
	EndGlobalSection
	GlobalSection(SolutionProperties) = preSolution
		HideSolutionNode = FALSE
	EndGlobalSection
	GlobalSection(ExtensibilityGlobals) = postSolution
		SolutionGuid = {C0AE19CA-3A7A-4D4F-9999-82D04A490A58}
	EndGlobalSection
EndGlobal
